
Microsoft Visual Studio Solution File, Format Version 12.00
# Visual Studio Version 17
VisualStudioVersion = 17.14.36414.22 d17.14
MinimumVisualStudioVersion = 10.0.40219.1
Project("{FAE04EC0-301F-11D3-BF4B-00C04F79EFBC}") = "MyDataStructures", "MyDataStructures.csproj", "{6CEF37CA-5E45-4E21-A33E-1F7178C940FB}"
EndProject
Global
	GlobalSection(SolutionConfigurationPlatforms) = preSolution
		Debug|Any CPU = Debug|Any CPU
		Release|Any CPU = Release|Any CPU
	EndGlobalSection
	GlobalSection(ProjectConfigurationPlatforms) = postSolution
		{6CEF37CA-5E45-4E21-A33E-1F7178C940FB}.Debug|Any CPU.ActiveCfg = Debug|Any CPU
		{6CEF37CA-5E45-4E21-A33E-1F7178C940FB}.Debug|Any CPU.Build.0 = Debug|Any CPU
		{6CEF37CA-5E45-4E21-A33E-1F7178C940FB}.Release|Any CPU.ActiveCfg = Release|Any CPU
		{6CEF37CA-5E45-4E21-A33E-1F7178C940FB}.Release|Any CPU.Build.0 = Release|Any CPU
	EndGlobalSection
	GlobalSection(SolutionProperties) = preSolution
		HideSolutionNode = FALSE
	EndGlobalSection
	GlobalSection(ExtensibilityGlobals) = postSolution
		SolutionGuid = {59B1778F-6236-464E-86F8-40CC2322917A}
	EndGlobalSection
EndGlobal
